
Microsoft Visual Studio Solution File, Format Version 12.00
Project("{FAE04EC0-301F-11D3-BF4B-00C04F79EFBC}") = "SimpleQuizApp", "SimpleQuizApp\SimpleQuizApp.csproj", "{0015D9CC-CBBC-4089-8AA0-B21A9503B231}"
EndProject
Global
	GlobalSection(SolutionConfigurationPlatforms) = preSolution
		Debug|Any CPU = Debug|Any CPU
		Release|Any CPU = Release|Any CPU
	EndGlobalSection
	GlobalSection(ProjectConfigurationPlatforms) = postSolution
		{0015D9CC-CBBC-4089-8AA0-B21A9503B231}.Debug|Any CPU.ActiveCfg = Debug|Any CPU
		{0015D9CC-CBBC-4089-8AA0-B21A9503B231}.Debug|Any CPU.Build.0 = Debug|Any CPU
		{0015D9CC-CBBC-4089-8AA0-B21A9503B231}.Release|Any CPU.ActiveCfg = Release|Any CPU
		{0015D9CC-CBBC-4089-8AA0-B21A9503B231}.Release|Any CPU.Build.0 = Release|Any CPU
	EndGlobalSection
EndGlobal
